
Microsoft Visual Studio Solution File, Format Version 12.00
# Visual Studio 15
VisualStudioVersion = 15.0.27130.2010
MinimumVisualStudioVersion = 10.0.40219.1
Project("{FAE04EC0-301F-11D3-BF4B-00C04F79EFBC}") = "BouyomiTcpClient", "BouyomiTcpClient\BouyomiTcpClient.csproj", "{BB680775-4B21-4BE9-B19F-AF28E45F0A6B}"
EndProject
Global
	GlobalSection(SolutionConfigurationPlatforms) = preSolution
		Debug|Any CPU = Debug|Any CPU
		Release|Any CPU = Release|Any CPU
	EndGlobalSection
	GlobalSection(ProjectConfigurationPlatforms) = postSolution
		{BB680775-4B21-4BE9-B19F-AF28E45F0A6B}.Debug|Any CPU.ActiveCfg = Debug|Any CPU
		{BB680775-4B21-4BE9-B19F-AF28E45F0A6B}.Debug|Any CPU.Build.0 = Debug|Any CPU
		{BB680775-4B21-4BE9-B19F-AF28E45F0A6B}.Release|Any CPU.ActiveCfg = Release|Any CPU
		{BB680775-4B21-4BE9-B19F-AF28E45F0A6B}.Release|Any CPU.Build.0 = Release|Any CPU
	EndGlobalSection
	GlobalSection(SolutionProperties) = preSolution
		HideSolutionNode = FALSE
	EndGlobalSection
	GlobalSection(ExtensibilityGlobals) = postSolution
		SolutionGuid = {C5E226AD-CE67-452E-ACC4-331650248909}
	EndGlobalSection
EndGlobal
